
Microsoft Visual Studio Solution File, Format Version 12.00
# Visual Studio Version 16
VisualStudioVersion = 16.0.31402.337
MinimumVisualStudioVersion = 10.0.40219.1
Project("{9A19103F-16F7-4668-BE54-9A1E7A4F7556}") = "Hackeru.DB", "Hackeru.DB\Hackeru.DB.csproj", "{4F55E456-5056-4BE0-A47D-CCEC5304EAC5}"
EndProject
Global
	GlobalSection(SolutionConfigurationPlatforms) = preSolution
		Debug|Any CPU = Debug|Any CPU
		Release|Any CPU = Release|Any CPU
	EndGlobalSection
	GlobalSection(ProjectConfigurationPlatforms) = postSolution
		{4F55E456-5056-4BE0-A47D-CCEC5304EAC5}.Debug|Any CPU.ActiveCfg = Debug|Any CPU
		{4F55E456-5056-4BE0-A47D-CCEC5304EAC5}.Debug|Any CPU.Build.0 = Debug|Any CPU
		{4F55E456-5056-4BE0-A47D-CCEC5304EAC5}.Release|Any CPU.ActiveCfg = Release|Any CPU
		{4F55E456-5056-4BE0-A47D-CCEC5304EAC5}.Release|Any CPU.Build.0 = Release|Any CPU
	EndGlobalSection
	GlobalSection(SolutionProperties) = preSolution
		HideSolutionNode = FALSE
	EndGlobalSection
	GlobalSection(ExtensibilityGlobals) = postSolution
		SolutionGuid = {81FFA931-86F6-46A2-BD76-0EB1B73B9CBC}
	EndGlobalSection
EndGlobal
